<Solution>
  <Folder Name="/Itens de Solução/">
    <File Path=".gitignore" />
  </Folder>
  <Project Path="TasksManagementApi.API/TasksManagementApi.API.csproj" />
  <Project Path="TasksManagementApi.Application/TasksManagementApi.Application.csproj" />
  <Project Path="TasksManagementApi.Communication/TasksManagementApi.Communication.csproj" />
  <Project Path="TasksManagementApi.Infrastructure/TasksManagementApi.Infrastructure.csproj" />
</Solution>
